
Microsoft Visual Studio Solution File, Format Version 12.00
# Visual Studio 15
VisualStudioVersion = 15.0.26730.10
MinimumVisualStudioVersion = 10.0.40219.1
Project("{FAE04EC0-301F-11D3-BF4B-00C04F79EFBC}") = "LiveMapDemo", "LiveMapDemo\LiveMapDemo.csproj", "{83DF9ED0-5870-4DD5-BE6E-7792791BE9DA}"
EndProject
Global
	GlobalSection(SolutionConfigurationPlatforms) = preSolution
		Debug|Any CPU = Debug|Any CPU
		Release|Any CPU = Release|Any CPU
	EndGlobalSection
	GlobalSection(ProjectConfigurationPlatforms) = postSolution
		{83DF9ED0-5870-4DD5-BE6E-7792791BE9DA}.Debug|Any CPU.ActiveCfg = Debug|Any CPU
		{83DF9ED0-5870-4DD5-BE6E-7792791BE9DA}.Debug|Any CPU.Build.0 = Debug|Any CPU
		{83DF9ED0-5870-4DD5-BE6E-7792791BE9DA}.Release|Any CPU.ActiveCfg = Release|Any CPU
		{83DF9ED0-5870-4DD5-BE6E-7792791BE9DA}.Release|Any CPU.Build.0 = Release|Any CPU
	EndGlobalSection
	GlobalSection(SolutionProperties) = preSolution
		HideSolutionNode = FALSE
	EndGlobalSection
	GlobalSection(ExtensibilityGlobals) = postSolution
		SolutionGuid = {E91D27F1-B30B-4C0B-8E06-089E9E6CB703}
	EndGlobalSection
EndGlobal
